# THIS IS AN AUTOGENERATED FILE. DO NOT EDIT THIS FILE DIRECTLY.
# yarn lockfile v1


"@zxing/library@^0.18.4":
  version "0.18.6"
  resolved "https://registry.yarnpkg.com/@zxing/library/-/library-0.18.6.tgz#717af8c6c1fd982865e21051afdd7b470ae6674c"
  integrity sha512-bulZ9JHoLFd9W36pi+7e7DnEYNJhljYjZ1UTsKPOoLMU3qtC+REHITeCRNx40zTRJZx18W5TBRXt5pq2Uopjsw==
  dependencies:
    ts-custom-error "^3.0.0"
  optionalDependencies:
    "@zxing/text-encoding" "~0.9.0"

"@zxing/text-encoding@~0.9.0":
  version "0.9.0"
  resolved "https://registry.yarnpkg.com/@zxing/text-encoding/-/text-encoding-0.9.0.tgz#fb50ffabc6c7c66a0c96b4c03e3d9be74864b70b"
  integrity sha512-U/4aVJ2mxI0aDNI8Uq0wEhMgY+u4CNtEb0om3+y3+niDAsoTCOB33UF0sxpzqzdqXLqmvc+vZyAt4O8pPdfkwA==

barcode-detector@^1.0.0:
  version "1.0.0"
  resolved "https://registry.yarnpkg.com/barcode-detector/-/barcode-detector-1.0.0.tgz#e5c590affd4150c5b5b3fdd929075a7228d9bf8b"
  integrity sha512-LZSyqjumoq2WmMOeQZ2BiYYAqwnTlkXgqKOTcJlathpFS6IejsdSb6aIGmoSyOCjBgFNATzLgMJ9shNfklnz6A==
  dependencies:
    "@zxing/library" "^0.18.4"
    jsqr "^1.3.1"

callforth@^0.3.1:
  version "0.3.1"
  resolved "https://registry.yarnpkg.com/callforth/-/callforth-0.3.1.tgz#d40f610c7dd47d0011fd84bac32b3fe11cff1785"
  integrity sha512-Q2zPfqnwoKsb1DTVCr4lmhe49wKNBsMmNlbudjleu3/co+Nw1pOqFHYJHrW3VZ253ou9AAr+xauQR0C55NPdzA==

core-js@^3.6.5:
  version "3.16.2"
  resolved "https://registry.yarnpkg.com/core-js/-/core-js-3.16.2.tgz#3f485822889c7fc48ef463e35be5cc2a4a01a1f4"
  integrity sha512-P0KPukO6OjMpjBtHSceAZEWlDD1M2Cpzpg6dBbrjFqFhBHe/BwhxaP820xKOjRn/lZRQirrCusIpLS/n2sgXLQ==

jsqr@^1.3.1:
  version "1.4.0"
  resolved "https://registry.yarnpkg.com/jsqr/-/jsqr-1.4.0.tgz#8efb8d0a7cc6863cb6d95116b9069123ce9eb2d1"
  integrity sha512-dxLob7q65Xg2DvstYkRpkYtmKm2sPJ9oFhrhmudT1dZvNFFTlroai3AWSpLey/w5vMcLBXRgOJsbXpdN9HzU/A==

rtcpeerconnection-shim@^1.2.15:
  version "1.2.15"
  resolved "https://registry.yarnpkg.com/rtcpeerconnection-shim/-/rtcpeerconnection-shim-1.2.15.tgz#e7cc189a81b435324c4949aa3dfb51888684b243"
  integrity sha512-C6DxhXt7bssQ1nHb154lqeL0SXz5Dx4RczXZu2Aa/L1NJFnEVDxFwCBo3fqtuljhHIGceg5JKBV4XJ0gW5JKyw==
  dependencies:
    sdp "^2.6.0"

sdp@^2.12.0, sdp@^2.6.0:
  version "2.12.0"
  resolved "https://registry.yarnpkg.com/sdp/-/sdp-2.12.0.tgz#338a106af7560c86e4523f858349680350d53b22"
  integrity sha512-jhXqQAQVM+8Xj5EjJGVweuEzgtGWb3tmEEpl3CLP3cStInSbVHSg0QWOGQzNq8pSID4JkpeV2mPqlMDLrm0/Vw==

ts-custom-error@^3.0.0:
  version "3.2.0"
  resolved "https://registry.yarnpkg.com/ts-custom-error/-/ts-custom-error-3.2.0.tgz#ff8f80a3812bab9dc448536312da52dce1b720fb"
  integrity sha512-cBvC2QjtvJ9JfWLvstVnI45Y46Y5dMxIaG1TDMGAD/R87hpvqFL+7LhvUDhnRCfOnx/xitollFWWvUKKKhbN0A==

vue-qrcode-reader@^3.0.3:
  version "3.0.3"
  resolved "https://registry.yarnpkg.com/vue-qrcode-reader/-/vue-qrcode-reader-3.0.3.tgz#8bc92257361f61f951ef89ae098f5ad0d383faa1"
  integrity sha512-mDcDiZRpTkOY1jF9OxLvpynsiDvZ+/uNmlNs62rusLQqZ7J+q3fhlBAENQy8o2Imhw8y2MLfFfG35z8zA8NgEw==
  dependencies:
    barcode-detector "^1.0.0"
    callforth "^0.3.1"
    core-js "^3.6.5"
    vue "^2.6.11"
    webrtc-adapter "7.7.0"

vue@^2.6.11:
  version "2.6.14"
  resolved "https://registry.yarnpkg.com/vue/-/vue-2.6.14.tgz#e51aa5250250d569a3fbad3a8a5a687d6036e235"
  integrity sha512-x2284lgYvjOMj3Za7kqzRcUSxBboHqtgRE2zlos1qWaOye5yUmHn42LB1250NJBLRwEcdrB0JRwyPTEPhfQjiQ==

webrtc-adapter@7.7.0:
  version "7.7.0"
  resolved "https://registry.yarnpkg.com/webrtc-adapter/-/webrtc-adapter-7.7.0.tgz#e56ff25f925177ac553a7c49323ca4108d2b5f4d"
  integrity sha512-7Bp9OBnx642oJRkom1tNAbeJjUadAq2rh5xLL9YXPw5hVyt2h4hHr5bcoPYDs1stp/mZHSPSQA34YISdnr0DBQ==
  dependencies:
    rtcpeerconnection-shim "^1.2.15"
    sdp "^2.12.0"
